PODS:
  - LightingKit (0.9.4)

DEPENDENCIES:
  - LightingKit (from `https://github.com/p-morris/LightingKit`)

EXTERNAL SOURCES:
  LightingKit:
    :git: https://github.com/p-morris/LightingKit

CHECKOUT OPTIONS:
  LightingKit:
    :commit: ea9994e3ee620eeca1817232ca812008735344e6
    :git: https://github.com/p-morris/LightingKit

SPEC CHECKSUMS:
  LightingKit: ec98ce920147d3d2f06cc1c76492e0af282f7161

PODFILE CHECKSUM: fffdbaf212a60e74e67ca0b93b9df88b2e28af5f

COCOAPODS: 1.5.3
