PODS:
  - LightingKit (0.4)

DEPENDENCIES:
  - LightingKit (from `https://github.com/p-morris/LightingKit`)

EXTERNAL SOURCES:
  LightingKit:
    :git: https://github.com/p-morris/LightingKit

CHECKOUT OPTIONS:
  LightingKit:
    :commit: 8ff1f3e75a202a3462868cece635a4b572ed7490
    :git: https://github.com/p-morris/LightingKit

SPEC CHECKSUMS:
  LightingKit: 759d63b07543427c37071bd66ef04aa60c2bc882

PODFILE CHECKSUM: fffdbaf212a60e74e67ca0b93b9df88b2e28af5f

COCOAPODS: 1.5.3
