PODS:
  - LightingKit (0.9.7)

DEPENDENCIES:
  - LightingKit (from `https://github.com/p-morris/LightingKit`)

EXTERNAL SOURCES:
  LightingKit:
    :git: https://github.com/p-morris/LightingKit

CHECKOUT OPTIONS:
  LightingKit:
    :commit: c2ef071a8cc80dab8d940a5959cd650290161b51
    :git: https://github.com/p-morris/LightingKit

SPEC CHECKSUMS:
  LightingKit: 8907648e753139d28dbffc3fc0c32cbac4d26d7d

PODFILE CHECKSUM: fffdbaf212a60e74e67ca0b93b9df88b2e28af5f

COCOAPODS: 1.5.3
