// !$*UTF8*$!
{
	archiveVersion = 1;
	classes = {
	};
	objectVersion = 50;
	objects = {

/* Begin PBXBuildFile section */
		720D286221B918F6009E32F3 /* Int+SanitizeBrightness.swift in Sources */ = {isa = PBXBuildFile; fileRef = 720D283721B918F5009E32F3 /* Int+SanitizeBrightness.swift */; };
		720D286321B918F6009E32F3 /* FoundationExtensions.swift in Sources */ = {isa = PBXBuildFile; fileRef = 720D283821B918F5009E32F3 /* FoundationExtensions.swift */; };
		720D286421B918F6009E32F3 /* TimeInterval+FadeBrightness.swift in Sources */ = {isa = PBXBuildFile; fileRef = 720D283921B918F5009E32F3 /* TimeInterval+FadeBrightness.swift */; };
		720D286521B918F6009E32F3 /* LightingKitPermissions.swift in Sources */ = {isa = PBXBuildFile; fileRef = 720D283C21B918F5009E32F3 /* LightingKitPermissions.swift */; };
		720D286621B918F6009E32F3 /* LightingKit.swift in Sources */ = {isa = PBXBuildFile; fileRef = 720D283D21B918F5009E32F3 /* LightingKit.swift */; };
		720D286721B918F6009E32F3 /* LightingBrowser.swift in Sources */ = {isa = PBXBuildFile; fileRef = 720D283E21B918F5009E32F3 /* LightingBrowser.swift */; };
		720D286821B918F6009E32F3 /* ServiceBuilderChain.swift in Sources */ = {isa = PBXBuildFile; fileRef = 720D284021B918F5009E32F3 /* ServiceBuilderChain.swift */; };
		720D286921B918F6009E32F3 /* AccessoryArrayExtensions.swift in Sources */ = {isa = PBXBuildFile; fileRef = 720D284321B918F5009E32F3 /* AccessoryArrayExtensions.swift */; };
		720D286A21B918F6009E32F3 /* ServiceArrayExtensions.swift in Sources */ = {isa = PBXBuildFile; fileRef = 720D284421B918F5009E32F3 /* ServiceArrayExtensions.swift */; };
		720D286B21B918F6009E32F3 /* HomeArrayExtensions.swift in Sources */ = {isa = PBXBuildFile; fileRef = 720D284521B918F5009E32F3 /* HomeArrayExtensions.swift */; };
		720D286C21B918F6009E32F3 /* CharacteristicArrayExtensions.swift in Sources */ = {isa = PBXBuildFile; fileRef = 720D284621B918F5009E32F3 /* CharacteristicArrayExtensions.swift */; };
		720D286D21B918F6009E32F3 /* AccessoryExtensions.swift in Sources */ = {isa = PBXBuildFile; fileRef = 720D284721B918F5009E32F3 /* AccessoryExtensions.swift */; };
		720D286E21B918F6009E32F3 /* CategoryExtensions.swift in Sources */ = {isa = PBXBuildFile; fileRef = 720D284821B918F5009E32F3 /* CategoryExtensions.swift */; };
		720D286F21B918F6009E32F3 /* HMAccessoryBrowserExtensions.swift in Sources */ = {isa = PBXBuildFile; fileRef = 720D284921B918F5009E32F3 /* HMAccessoryBrowserExtensions.swift */; };
		720D287021B918F6009E32F3 /* CharacteristicExtensions.swift in Sources */ = {isa = PBXBuildFile; fileRef = 720D284A21B918F5009E32F3 /* CharacteristicExtensions.swift */; };
		720D287121B918F6009E32F3 /* ServiceExtensions.swift in Sources */ = {isa = PBXBuildFile; fileRef = 720D284B21B918F5009E32F3 /* ServiceExtensions.swift */; };
		720D287221B918F6009E32F3 /* HomeKitObjectExtensions.swift in Sources */ = {isa = PBXBuildFile; fileRef = 720D284C21B918F5009E32F3 /* HomeKitObjectExtensions.swift */; };
		720D287321B918F6009E32F3 /* HMHomeManagerExtensions.swift in Sources */ = {isa = PBXBuildFile; fileRef = 720D284D21B918F5009E32F3 /* HMHomeManagerExtensions.swift */; };
		720D287421B918F6009E32F3 /* SuccessStrategy.swift in Sources */ = {isa = PBXBuildFile; fileRef = 720D284F21B918F5009E32F3 /* SuccessStrategy.swift */; };
		720D287521B918F6009E32F3 /* FilterStrategy.swift in Sources */ = {isa = PBXBuildFile; fileRef = 720D285021B918F5009E32F3 /* FilterStrategy.swift */; };
		720D287621B918F6009E32F3 /* GroupFactory.swift in Sources */ = {isa = PBXBuildFile; fileRef = 720D285221B918F5009E32F3 /* GroupFactory.swift */; };
		720D287721B918F6009E32F3 /* ServiceFactory.swift in Sources */ = {isa = PBXBuildFile; fileRef = 720D285321B918F5009E32F3 /* ServiceFactory.swift */; };
		720D287821B918F6009E32F3 /* Bridge.swift in Sources */ = {isa = PBXBuildFile; fileRef = 720D285521B918F5009E32F3 /* Bridge.swift */; };
		720D287921B918F6009E32F3 /* Power.swift in Sources */ = {isa = PBXBuildFile; fileRef = 720D285621B918F5009E32F3 /* Power.swift */; };
		720D287A21B918F6009E32F3 /* Error.swift in Sources */ = {isa = PBXBuildFile; fileRef = 720D285721B918F5009E32F3 /* Error.swift */; };
		720D287B21B918F6009E32F3 /* LightingGroup.swift in Sources */ = {isa = PBXBuildFile; fileRef = 720D285821B918F5009E32F3 /* LightingGroup.swift */; };
		720D287C21B918F6009E32F3 /* Brightness.swift in Sources */ = {isa = PBXBuildFile; fileRef = 720D285921B918F5009E32F3 /* Brightness.swift */; };
		720D287D21B918F6009E32F3 /* Home.swift in Sources */ = {isa = PBXBuildFile; fileRef = 720D285A21B918F5009E32F3 /* Home.swift */; };
		720D287E21B918F6009E32F3 /* LightingKitObject.swift in Sources */ = {isa = PBXBuildFile; fileRef = 720D285B21B918F5009E32F3 /* LightingKitObject.swift */; };
		720D287F21B918F6009E32F3 /* Room.swift in Sources */ = {isa = PBXBuildFile; fileRef = 720D285C21B918F5009E32F3 /* Room.swift */; };
		720D288021B918F6009E32F3 /* Light.swift in Sources */ = {isa = PBXBuildFile; fileRef = 720D285D21B918F5009E32F3 /* Light.swift */; };
		720D288121B918F6009E32F3 /* BrightnessGroup.swift in Sources */ = {isa = PBXBuildFile; fileRef = 720D285E21B918F5009E32F3 /* BrightnessGroup.swift */; };
		720D288221B918F6009E32F3 /* PowerGroup.swift in Sources */ = {isa = PBXBuildFile; fileRef = 720D285F21B918F5009E32F3 /* PowerGroup.swift */; };
		720D288321B918F6009E32F3 /* Characteristic.swift in Sources */ = {isa = PBXBuildFile; fileRef = 720D286021B918F5009E32F3 /* Characteristic.swift */; };
		72517D8521AEBD900075B696 /* UITextField.swift in Sources */ = {isa = PBXBuildFile; fileRef = 72517D8421AEBD900075B696 /* UITextField.swift */; };
		726A537821B1588F00BFE9B0 /* SelectBridgedLightsViewController.swift in Sources */ = {isa = PBXBuildFile; fileRef = 726A537721B1588F00BFE9B0 /* SelectBridgedLightsViewController.swift */; };
		729BC43021A41233002E0C0D /* AppDelegate.swift in Sources */ = {isa = PBXBuildFile; fileRef = 729BC42F21A41233002E0C0D /* AppDelegate.swift */; };
		729BC43721A41239002E0C0D /* Assets.xcassets in Resources */ = {isa = PBXBuildFile; fileRef = 729BC43621A41239002E0C0D /* Assets.xcassets */; };
		729BC43A21A41239002E0C0D /* LaunchScreen.storyboard in Resources */ = {isa = PBXBuildFile; fileRef = 729BC43821A41239002E0C0D /* LaunchScreen.storyboard */; };
		72AAA37821AD29D6001FA94B /* AppFacade.swift in Sources */ = {isa = PBXBuildFile; fileRef = 72AAA37721AD29D6001FA94B /* AppFacade.swift */; };
		72AAA38F21AD5A42001FA94B /* DataSource.swift in Sources */ = {isa = PBXBuildFile; fileRef = 72AAA38E21AD5A42001FA94B /* DataSource.swift */; };
		72AAA39521AD5E82001FA94B /* UIAlertController+AddObject.swift in Sources */ = {isa = PBXBuildFile; fileRef = 72AAA39421AD5E82001FA94B /* UIAlertController+AddObject.swift */; };
		72AAA39921AD8882001FA94B /* HomesViewController.swift in Sources */ = {isa = PBXBuildFile; fileRef = 72AAA39821AD8882001FA94B /* HomesViewController.swift */; };
		72AAA39B21AD8C32001FA94B /* RoomsViewController.swift in Sources */ = {isa = PBXBuildFile; fileRef = 72AAA39A21AD8C32001FA94B /* RoomsViewController.swift */; };
		72AAA39D21AD8DA0001FA94B /* LightsVIewController.swift in Sources */ = {isa = PBXBuildFile; fileRef = 72AAA39C21AD8DA0001FA94B /* LightsVIewController.swift */; };
		72AAA39F21AD8E6F001FA94B /* LightControlsViewController.swift in Sources */ = {isa = PBXBuildFile; fileRef = 72AAA39E21AD8E6F001FA94B /* LightControlsViewController.swift */; };
		72AAA3A121AD9240001FA94B /* AddNewLightController.swift in Sources */ = {isa = PBXBuildFile; fileRef = 72AAA3A021AD9240001FA94B /* AddNewLightController.swift */; };
		72AAA3A221ADA177001FA94B /* HomeKit.framework in Frameworks */ = {isa = PBXBuildFile; fileRef = 72B7B38121A69D5C004336C1 /* HomeKit.framework */; };
		72C7E5E921AE7BA900B04A23 /* LightControlsViewController.xib in Resources */ = {isa = PBXBuildFile; fileRef = 72C7E5E821AE7BA900B04A23 /* LightControlsViewController.xib */; };
		72C7E5EB21AE7CD800B04A23 /* lightbulb.png in Resources */ = {isa = PBXBuildFile; fileRef = 72C7E5EA21AE7CD800B04A23 /* lightbulb.png */; };
/* End PBXBuildFile section */

/* Begin PBXFileReference section */
		720D283721B918F5009E32F3 /* Int+SanitizeBrightness.swift */ = {isa = PBXFileReference; fileEncoding = 4; lastKnownFileType = sourcecode.swift; path = "Int+SanitizeBrightness.swift"; sourceTree = "<group>"; };
		720D283821B918F5009E32F3 /* FoundationExtensions.swift */ = {isa = PBXFileReference; fileEncoding = 4; lastKnownFileType = sourcecode.swift; path = FoundationExtensions.swift; sourceTree = "<group>"; };
		720D283921B918F5009E32F3 /* TimeInterval+FadeBrightness.swift */ = {isa = PBXFileReference; fileEncoding = 4; lastKnownFileType = sourcecode.swift; path = "TimeInterval+FadeBrightness.swift"; sourceTree = "<group>"; };
		720D283A21B918F5009E32F3 /* LightingKit.h */ = {isa = PBXFileReference; fileEncoding = 4; lastKnownFileType = sourcecode.c.h; path = LightingKit.h; sourceTree = "<group>"; };
		720D283C21B918F5009E32F3 /* LightingKitPermissions.swift */ = {isa = PBXFileReference; fileEncoding = 4; lastKnownFileType = sourcecode.swift; path = LightingKitPermissions.swift; sourceTree = "<group>"; };
		720D283D21B918F5009E32F3 /* LightingKit.swift */ = {isa = PBXFileReference; fileEncoding = 4; lastKnownFileType = sourcecode.swift; path = LightingKit.swift; sourceTree = "<group>"; };
		720D283E21B918F5009E32F3 /* LightingBrowser.swift */ = {isa = PBXFileReference; fileEncoding = 4; lastKnownFileType = sourcecode.swift; path = LightingBrowser.swift; sourceTree = "<group>"; };
		720D284021B918F5009E32F3 /* ServiceBuilderChain.swift */ = {isa = PBXFileReference; fileEncoding = 4; lastKnownFileType = sourcecode.swift; path = ServiceBuilderChain.swift; sourceTree = "<group>"; };
		720D284321B918F5009E32F3 /* AccessoryArrayExtensions.swift */ = {isa = PBXFileReference; fileEncoding = 4; lastKnownFileType = sourcecode.swift; path = AccessoryArrayExtensions.swift; sourceTree = "<group>"; };
		720D284421B918F5009E32F3 /* ServiceArrayExtensions.swift */ = {isa = PBXFileReference; fileEncoding = 4; lastKnownFileType = sourcecode.swift; path = ServiceArrayExtensions.swift; sourceTree = "<group>"; };
		720D284521B918F5009E32F3 /* HomeArrayExtensions.swift */ = {isa = PBXFileReference; fileEncoding = 4; lastKnownFileType = sourcecode.swift; path = HomeArrayExtensions.swift; sourceTree = "<group>"; };
		720D284621B918F5009E32F3 /* CharacteristicArrayExtensions.swift */ = {isa = PBXFileReference; fileEncoding = 4; lastKnownFileType = sourcecode.swift; path = CharacteristicArrayExtensions.swift; sourceTree = "<group>"; };
		720D284721B918F5009E32F3 /* AccessoryExtensions.swift */ = {isa = PBXFileReference; fileEncoding = 4; lastKnownFileType = sourcecode.swift; path = AccessoryExtensions.swift; sourceTree = "<group>"; };
		720D284821B918F5009E32F3 /* CategoryExtensions.swift */ = {isa = PBXFileReference; fileEncoding = 4; lastKnownFileType = sourcecode.swift; path = CategoryExtensions.swift; sourceTree = "<group>"; };
		720D284921B918F5009E32F3 /* HMAccessoryBrowserExtensions.swift */ = {isa = PBXFileReference; fileEncoding = 4; lastKnownFileType = sourcecode.swift; path = HMAccessoryBrowserExtensions.swift; sourceTree = "<group>"; };
		720D284A21B918F5009E32F3 /* CharacteristicExtensions.swift */ = {isa = PBXFileReference; fileEncoding = 4; lastKnownFileType = sourcecode.swift; path = CharacteristicExtensions.swift; sourceTree = "<group>"; };
		720D284B21B918F5009E32F3 /* ServiceExtensions.swift */ = {isa = PBXFileReference; fileEncoding = 4; lastKnownFileType = sourcecode.swift; path = ServiceExtensions.swift; sourceTree = "<group>"; };
		720D284C21B918F5009E32F3 /* HomeKitObjectExtensions.swift */ = {isa = PBXFileReference; fileEncoding = 4; lastKnownFileType = sourcecode.swift; path = HomeKitObjectExtensions.swift; sourceTree = "<group>"; };
		720D284D21B918F5009E32F3 /* HMHomeManagerExtensions.swift */ = {isa = PBXFileReference; fileEncoding = 4; lastKnownFileType = sourcecode.swift; path = HMHomeManagerExtensions.swift; sourceTree = "<group>"; };
		720D284F21B918F5009E32F3 /* SuccessStrategy.swift */ = {isa = PBXFileReference; fileEncoding = 4; lastKnownFileType = sourcecode.swift; path = SuccessStrategy.swift; sourceTree = "<group>"; };
		720D285021B918F5009E32F3 /* FilterStrategy.swift */ = {isa = PBXFileReference; fileEncoding = 4; lastKnownFileType = sourcecode.swift; path = FilterStrategy.swift; sourceTree = "<group>"; };
		720D285221B918F5009E32F3 /* GroupFactory.swift */ = {isa = PBXFileReference; fileEncoding = 4; lastKnownFileType = sourcecode.swift; path = GroupFactory.swift; sourceTree = "<group>"; };
		720D285321B918F5009E32F3 /* ServiceFactory.swift */ = {isa = PBXFileReference; fileEncoding = 4; lastKnownFileType = sourcecode.swift; path = ServiceFactory.swift; sourceTree = "<group>"; };
		720D285521B918F5009E32F3 /* Bridge.swift */ = {isa = PBXFileReference; fileEncoding = 4; lastKnownFileType = sourcecode.swift; path = Bridge.swift; sourceTree = "<group>"; };
		720D285621B918F5009E32F3 /* Power.swift */ = {isa = PBXFileReference; fileEncoding = 4; lastKnownFileType = sourcecode.swift; path = Power.swift; sourceTree = "<group>"; };
		720D285721B918F5009E32F3 /* Error.swift */ = {isa = PBXFileReference; fileEncoding = 4; lastKnownFileType = sourcecode.swift; path = Error.swift; sourceTree = "<group>"; };
		720D285821B918F5009E32F3 /* LightingGroup.swift */ = {isa = PBXFileReference; fileEncoding = 4; lastKnownFileType = sourcecode.swift; path = LightingGroup.swift; sourceTree = "<group>"; };
		720D285921B918F5009E32F3 /* Brightness.swift */ = {isa = PBXFileReference; fileEncoding = 4; lastKnownFileType = sourcecode.swift; path = Brightness.swift; sourceTree = "<group>"; };
		720D285A21B918F5009E32F3 /* Home.swift */ = {isa = PBXFileReference; fileEncoding = 4; lastKnownFileType = sourcecode.swift; path = Home.swift; sourceTree = "<group>"; };
		720D285B21B918F5009E32F3 /* LightingKitObject.swift */ = {isa = PBXFileReference; fileEncoding = 4; lastKnownFileType = sourcecode.swift; path = LightingKitObject.swift; sourceTree = "<group>"; };
		720D285C21B918F5009E32F3 /* Room.swift */ = {isa = PBXFileReference; fileEncoding = 4; lastKnownFileType = sourcecode.swift; path = Room.swift; sourceTree = "<group>"; };
		720D285D21B918F5009E32F3 /* Light.swift */ = {isa = PBXFileReference; fileEncoding = 4; lastKnownFileType = sourcecode.swift; path = Light.swift; sourceTree = "<group>"; };
		720D285E21B918F5009E32F3 /* BrightnessGroup.swift */ = {isa = PBXFileReference; fileEncoding = 4; lastKnownFileType = sourcecode.swift; path = BrightnessGroup.swift; sourceTree = "<group>"; };
		720D285F21B918F5009E32F3 /* PowerGroup.swift */ = {isa = PBXFileReference; fileEncoding = 4; lastKnownFileType = sourcecode.swift; path = PowerGroup.swift; sourceTree = "<group>"; };
		720D286021B918F5009E32F3 /* Characteristic.swift */ = {isa = PBXFileReference; fileEncoding = 4; lastKnownFileType = sourcecode.swift; path = Characteristic.swift; sourceTree = "<group>"; };
		72517D8421AEBD900075B696 /* UITextField.swift */ = {isa = PBXFileReference; lastKnownFileType = sourcecode.swift; path = UITextField.swift; sourceTree = "<group>"; };
		726A537721B1588F00BFE9B0 /* SelectBridgedLightsViewController.swift */ = {isa = PBXFileReference; lastKnownFileType = sourcecode.swift; path = SelectBridgedLightsViewController.swift; sourceTree = "<group>"; };
		729BC42C21A41233002E0C0D /* LightingKit Example.app */ = {isa = PBXFileReference; explicitFileType = wrapper.application; includeInIndex = 0; path = "LightingKit Example.app"; sourceTree = BUILT_PRODUCTS_DIR; };
		729BC42F21A41233002E0C0D /* AppDelegate.swift */ = {isa = PBXFileReference; lastKnownFileType = sourcecode.swift; path = AppDelegate.swift; sourceTree = "<group>"; };
		729BC43621A41239002E0C0D /* Assets.xcassets */ = {isa = PBXFileReference; lastKnownFileType = folder.assetcatalog; path = Assets.xcassets; sourceTree = "<group>"; };
		729BC43921A41239002E0C0D /* Base */ = {isa = PBXFileReference; lastKnownFileType = file.storyboard; name = Base; path = Base.lproj/LaunchScreen.storyboard; sourceTree = "<group>"; };
		729BC43B21A41239002E0C0D /* Info.plist */ = {isa = PBXFileReference; lastKnownFileType = text.plist.xml; path = Info.plist; sourceTree = "<group>"; };
		72AAA37721AD29D6001FA94B /* AppFacade.swift */ = {isa = PBXFileReference; lastKnownFileType = sourcecode.swift; path = AppFacade.swift; sourceTree = "<group>"; };
		72AAA38E21AD5A42001FA94B /* DataSource.swift */ = {isa = PBXFileReference; lastKnownFileType = sourcecode.swift; path = DataSource.swift; sourceTree = "<group>"; };
		72AAA39421AD5E82001FA94B /* UIAlertController+AddObject.swift */ = {isa = PBXFileReference; lastKnownFileType = sourcecode.swift; path = "UIAlertController+AddObject.swift"; sourceTree = "<group>"; };
		72AAA39821AD8882001FA94B /* HomesViewController.swift */ = {isa = PBXFileReference; lastKnownFileType = sourcecode.swift; path = HomesViewController.swift; sourceTree = "<group>"; };
		72AAA39A21AD8C32001FA94B /* RoomsViewController.swift */ = {isa = PBXFileReference; lastKnownFileType = sourcecode.swift; path = RoomsViewController.swift; sourceTree = "<group>"; };
		72AAA39C21AD8DA0001FA94B /* LightsVIewController.swift */ = {isa = PBXFileReference; lastKnownFileType = sourcecode.swift; path = LightsVIewController.swift; sourceTree = "<group>"; };
		72AAA39E21AD8E6F001FA94B /* LightControlsViewController.swift */ = {isa = PBXFileReference; lastKnownFileType = sourcecode.swift; path = LightControlsViewController.swift; sourceTree = "<group>"; };
		72AAA3A021AD9240001FA94B /* AddNewLightController.swift */ = {isa = PBXFileReference; lastKnownFileType = sourcecode.swift; path = AddNewLightController.swift; sourceTree = "<group>"; };
		72B7B38121A69D5C004336C1 /* HomeKit.framework */ = {isa = PBXFileReference; lastKnownFileType = wrapper.framework; name = HomeKit.framework; path = System/Library/Frameworks/HomeKit.framework; sourceTree = SDKROOT; };
		72B7B38321A69D5C004336C1 /* LightingKit Example.entitlements */ = {isa = PBXFileReference; lastKnownFileType = text.plist.entitlements; path = "LightingKit Example.entitlements"; sourceTree = "<group>"; };
		72C7E5E821AE7BA900B04A23 /* LightControlsViewController.xib */ = {isa = PBXFileReference; lastKnownFileType = file.xib; path = LightControlsViewController.xib; sourceTree = "<group>"; };
		72C7E5EA21AE7CD800B04A23 /* lightbulb.png */ = {isa = PBXFileReference; lastKnownFileType = image.png; path = lightbulb.png; sourceTree = "<group>"; };
/* End PBXFileReference section */

/* Begin PBXFrameworksBuildPhase section */
		729BC42921A41233002E0C0D /* Frameworks */ = {
			isa = PBXFrameworksBuildPhase;
			buildActionMask = 2147483647;
			files = (
				72AAA3A221ADA177001FA94B /* HomeKit.framework in Frameworks */,
			);
			runOnlyForDeploymentPostprocessing = 0;
		};
/* End PBXFrameworksBuildPhase section */

/* Begin PBXGroup section */
		38710891E2E071833AE8F21A /* Frameworks */ = {
			isa = PBXGroup;
			children = (
				72B7B38121A69D5C004336C1 /* HomeKit.framework */,
			);
			name = Frameworks;
			sourceTree = "<group>";
		};
		720D283521B918F5009E32F3 /* LightingKit */ = {
			isa = PBXGroup;
			children = (
				720D283621B918F5009E32F3 /* Swift Extensions */,
				720D283A21B918F5009E32F3 /* LightingKit.h */,
				720D283B21B918F5009E32F3 /* Core */,
				720D283F21B918F5009E32F3 /* Responsibility Chains */,
				720D284121B918F5009E32F3 /* HomeKit Extensions */,
				720D284E21B918F5009E32F3 /* Strategies */,
				720D285121B918F5009E32F3 /* Factories */,
				720D285421B918F5009E32F3 /* Model */,
			);
			name = LightingKit;
			path = ../../LightingKit;
			sourceTree = "<group>";
		};
		720D283621B918F5009E32F3 /* Swift Extensions */ = {
			isa = PBXGroup;
			children = (
				720D283721B918F5009E32F3 /* Int+SanitizeBrightness.swift */,
				720D283821B918F5009E32F3 /* FoundationExtensions.swift */,
				720D283921B918F5009E32F3 /* TimeInterval+FadeBrightness.swift */,
			);
			path = "Swift Extensions";
			sourceTree = "<group>";
		};
		720D283B21B918F5009E32F3 /* Core */ = {
			isa = PBXGroup;
			children = (
				720D283C21B918F5009E32F3 /* LightingKitPermissions.swift */,
				720D283D21B918F5009E32F3 /* LightingKit.swift */,
				720D283E21B918F5009E32F3 /* LightingBrowser.swift */,
			);
			path = Core;
			sourceTree = "<group>";
		};
		720D283F21B918F5009E32F3 /* Responsibility Chains */ = {
			isa = PBXGroup;
			children = (
				720D284021B918F5009E32F3 /* ServiceBuilderChain.swift */,
			);
			path = "Responsibility Chains";
			sourceTree = "<group>";
		};
		720D284121B918F5009E32F3 /* HomeKit Extensions */ = {
			isa = PBXGroup;
			children = (
				720D284221B918F5009E32F3 /* Array Extensions */,
				720D284721B918F5009E32F3 /* AccessoryExtensions.swift */,
				720D284821B918F5009E32F3 /* CategoryExtensions.swift */,
				720D284921B918F5009E32F3 /* HMAccessoryBrowserExtensions.swift */,
				720D284A21B918F5009E32F3 /* CharacteristicExtensions.swift */,
				720D284B21B918F5009E32F3 /* ServiceExtensions.swift */,
				720D284C21B918F5009E32F3 /* HomeKitObjectExtensions.swift */,
				720D284D21B918F5009E32F3 /* HMHomeManagerExtensions.swift */,
			);
			path = "HomeKit Extensions";
			sourceTree = "<group>";
		};
		720D284221B918F5009E32F3 /* Array Extensions */ = {
			isa = PBXGroup;
			children = (
				720D284321B918F5009E32F3 /* AccessoryArrayExtensions.swift */,
				720D284421B918F5009E32F3 /* ServiceArrayExtensions.swift */,
				720D284521B918F5009E32F3 /* HomeArrayExtensions.swift */,
				720D284621B918F5009E32F3 /* CharacteristicArrayExtensions.swift */,
			);
			path = "Array Extensions";
			sourceTree = "<group>";
		};
		720D284E21B918F5009E32F3 /* Strategies */ = {
			isa = PBXGroup;
			children = (
				720D284F21B918F5009E32F3 /* SuccessStrategy.swift */,
				720D285021B918F5009E32F3 /* FilterStrategy.swift */,
			);
			path = Strategies;
			sourceTree = "<group>";
		};
		720D285121B918F5009E32F3 /* Factories */ = {
			isa = PBXGroup;
			children = (
				720D285221B918F5009E32F3 /* GroupFactory.swift */,
				720D285321B918F5009E32F3 /* ServiceFactory.swift */,
			);
			path = Factories;
			sourceTree = "<group>";
		};
		720D285421B918F5009E32F3 /* Model */ = {
			isa = PBXGroup;
			children = (
				720D285521B918F5009E32F3 /* Bridge.swift */,
				720D285621B918F5009E32F3 /* Power.swift */,
				720D285721B918F5009E32F3 /* Error.swift */,
				720D285821B918F5009E32F3 /* LightingGroup.swift */,
				720D285921B918F5009E32F3 /* Brightness.swift */,
				720D285A21B918F5009E32F3 /* Home.swift */,
				720D285B21B918F5009E32F3 /* LightingKitObject.swift */,
				720D285C21B918F5009E32F3 /* Room.swift */,
				720D285D21B918F5009E32F3 /* Light.swift */,
				720D285E21B918F5009E32F3 /* BrightnessGroup.swift */,
				720D285F21B918F5009E32F3 /* PowerGroup.swift */,
				720D286021B918F5009E32F3 /* Characteristic.swift */,
			);
			path = Model;
			sourceTree = "<group>";
		};
		72517D8221AEB5480075B696 /* Support FIles */ = {
			isa = PBXGroup;
			children = (
				72B7B38321A69D5C004336C1 /* LightingKit Example.entitlements */,
				729BC43B21A41239002E0C0D /* Info.plist */,
				72C7E5EA21AE7CD800B04A23 /* lightbulb.png */,
				729BC43621A41239002E0C0D /* Assets.xcassets */,
			);
			path = "Support FIles";
			sourceTree = "<group>";
		};
		72517D8321AEB56F0075B696 /* Extensions */ = {
			isa = PBXGroup;
			children = (
				72AAA39421AD5E82001FA94B /* UIAlertController+AddObject.swift */,
				72517D8421AEBD900075B696 /* UITextField.swift */,
			);
			path = Extensions;
			sourceTree = "<group>";
		};
		729BC42321A41233002E0C0D = {
			isa = PBXGroup;
			children = (
				729BC42E21A41233002E0C0D /* LightingKit Example */,
				729BC42D21A41233002E0C0D /* Products */,
				38710891E2E071833AE8F21A /* Frameworks */,
			);
			sourceTree = "<group>";
		};
		729BC42D21A41233002E0C0D /* Products */ = {
			isa = PBXGroup;
			children = (
				729BC42C21A41233002E0C0D /* LightingKit Example.app */,
			);
			name = Products;
			sourceTree = "<group>";
		};
		729BC42E21A41233002E0C0D /* LightingKit Example */ = {
			isa = PBXGroup;
			children = (
				720D283521B918F5009E32F3 /* LightingKit */,
				72517D8321AEB56F0075B696 /* Extensions */,
				72517D8221AEB5480075B696 /* Support FIles */,
				729BC42F21A41233002E0C0D /* AppDelegate.swift */,
				72AAA37721AD29D6001FA94B /* AppFacade.swift */,
				72AAA38E21AD5A42001FA94B /* DataSource.swift */,
				72AAA39821AD8882001FA94B /* HomesViewController.swift */,
				72AAA39A21AD8C32001FA94B /* RoomsViewController.swift */,
				72AAA39C21AD8DA0001FA94B /* LightsVIewController.swift */,
				72AAA3A021AD9240001FA94B /* AddNewLightController.swift */,
				726A537721B1588F00BFE9B0 /* SelectBridgedLightsViewController.swift */,
				72AAA39E21AD8E6F001FA94B /* LightControlsViewController.swift */,
				72C7E5E821AE7BA900B04A23 /* LightControlsViewController.xib */,
				729BC43821A41239002E0C0D /* LaunchScreen.storyboard */,
			);
			path = "LightingKit Example";
			sourceTree = "<group>";
		};
/* End PBXGroup section */

/* Begin PBXNativeTarget section */
		729BC42B21A41233002E0C0D /* LightingKit Example */ = {
			isa = PBXNativeTarget;
			buildConfigurationList = 729BC43E21A41239002E0C0D /* Build configuration list for PBXNativeTarget "LightingKit Example" */;
			buildPhases = (
				729BC42821A41233002E0C0D /* Sources */,
				729BC42921A41233002E0C0D /* Frameworks */,
				729BC42A21A41233002E0C0D /* Resources */,
			);
			buildRules = (
			);
			dependencies = (
			);
			name = "LightingKit Example";
			productName = "LightingKit Example";
			productReference = 729BC42C21A41233002E0C0D /* LightingKit Example.app */;
			productType = "com.apple.product-type.application";
		};
/* End PBXNativeTarget section */

/* Begin PBXProject section */
		729BC42421A41233002E0C0D /* Project object */ = {
			isa = PBXProject;
			attributes = {
				LastSwiftUpdateCheck = 1000;
				LastUpgradeCheck = 1000;
				ORGANIZATIONNAME = "Pete Morris";
				TargetAttributes = {
					729BC42B21A41233002E0C0D = {
						CreatedOnToolsVersion = 10.0;
						SystemCapabilities = {
							com.apple.HomeKit = {
								enabled = 1;
							};
						};
					};
				};
			};
			buildConfigurationList = 729BC42721A41233002E0C0D /* Build configuration list for PBXProject "LightingKit Example" */;
			compatibilityVersion = "Xcode 9.3";
			developmentRegion = en;
			hasScannedForEncodings = 0;
			knownRegions = (
				en,
				Base,
			);
			mainGroup = 729BC42321A41233002E0C0D;
			productRefGroup = 729BC42D21A41233002E0C0D /* Products */;
			projectDirPath = "";
			projectRoot = "";
			targets = (
				729BC42B21A41233002E0C0D /* LightingKit Example */,
			);
		};
/* End PBXProject section */

/* Begin PBXResourcesBuildPhase section */
		729BC42A21A41233002E0C0D /* Resources */ = {
			isa = PBXResourcesBuildPhase;
			buildActionMask = 2147483647;
			files = (
				72C7E5E921AE7BA900B04A23 /* LightControlsViewController.xib in Resources */,
				72C7E5EB21AE7CD800B04A23 /* lightbulb.png in Resources */,
				729BC43A21A41239002E0C0D /* LaunchScreen.storyboard in Resources */,
				729BC43721A41239002E0C0D /* Assets.xcassets in Resources */,
			);
			runOnlyForDeploymentPostprocessing = 0;
		};
/* End PBXResourcesBuildPhase section */

/* Begin PBXSourcesBuildPhase section */
		729BC42821A41233002E0C0D /* Sources */ = {
			isa = PBXSourcesBuildPhase;
			buildActionMask = 2147483647;
			files = (
				726A537821B1588F00BFE9B0 /* SelectBridgedLightsViewController.swift in Sources */,
				720D286321B918F6009E32F3 /* FoundationExtensions.swift in Sources */,
				720D287121B918F6009E32F3 /* ServiceExtensions.swift in Sources */,
				72AAA38F21AD5A42001FA94B /* DataSource.swift in Sources */,
				720D287821B918F6009E32F3 /* Bridge.swift in Sources */,
				720D287F21B918F6009E32F3 /* Room.swift in Sources */,
				720D286F21B918F6009E32F3 /* HMAccessoryBrowserExtensions.swift in Sources */,
				72517D8521AEBD900075B696 /* UITextField.swift in Sources */,
				720D287421B918F6009E32F3 /* SuccessStrategy.swift in Sources */,
				729BC43021A41233002E0C0D /* AppDelegate.swift in Sources */,
				72AAA39521AD5E82001FA94B /* UIAlertController+AddObject.swift in Sources */,
				72AAA3A121AD9240001FA94B /* AddNewLightController.swift in Sources */,
				720D288321B918F6009E32F3 /* Characteristic.swift in Sources */,
				720D288021B918F6009E32F3 /* Light.swift in Sources */,
				72AAA39B21AD8C32001FA94B /* RoomsViewController.swift in Sources */,
				720D287921B918F6009E32F3 /* Power.swift in Sources */,
				720D286C21B918F6009E32F3 /* CharacteristicArrayExtensions.swift in Sources */,
				72AAA39921AD8882001FA94B /* HomesViewController.swift in Sources */,
				720D287E21B918F6009E32F3 /* LightingKitObject.swift in Sources */,
				720D286721B918F6009E32F3 /* LightingBrowser.swift in Sources */,
				720D287A21B918F6009E32F3 /* Error.swift in Sources */,
				720D288121B918F6009E32F3 /* BrightnessGroup.swift in Sources */,
				720D288221B918F6009E32F3 /* PowerGroup.swift in Sources */,
				72AAA39F21AD8E6F001FA94B /* LightControlsViewController.swift in Sources */,
				720D286B21B918F6009E32F3 /* HomeArrayExtensions.swift in Sources */,
				720D287D21B918F6009E32F3 /* Home.swift in Sources */,
				720D287B21B918F6009E32F3 /* LightingGroup.swift in Sources */,
				720D287521B918F6009E32F3 /* FilterStrategy.swift in Sources */,
				720D287021B918F6009E32F3 /* CharacteristicExtensions.swift in Sources */,
				720D287621B918F6009E32F3 /* GroupFactory.swift in Sources */,
				720D287221B918F6009E32F3 /* HomeKitObjectExtensions.swift in Sources */,
				720D286D21B918F6009E32F3 /* AccessoryExtensions.swift in Sources */,
				720D286621B918F6009E32F3 /* LightingKit.swift in Sources */,
				720D287321B918F6009E32F3 /* HMHomeManagerExtensions.swift in Sources */,
				720D286521B918F6009E32F3 /* LightingKitPermissions.swift in Sources */,
				720D286921B918F6009E32F3 /* AccessoryArrayExtensions.swift in Sources */,
				720D286E21B918F6009E32F3 /* CategoryExtensions.swift in Sources */,
				720D287721B918F6009E32F3 /* ServiceFactory.swift in Sources */,
				720D286221B918F6009E32F3 /* Int+SanitizeBrightness.swift in Sources */,
				720D287C21B918F6009E32F3 /* Brightness.swift in Sources */,
				72AAA37821AD29D6001FA94B /* AppFacade.swift in Sources */,
				720D286821B918F6009E32F3 /* ServiceBuilderChain.swift in Sources */,
				720D286421B918F6009E32F3 /* TimeInterval+FadeBrightness.swift in Sources */,
				72AAA39D21AD8DA0001FA94B /* LightsVIewController.swift in Sources */,
				720D286A21B918F6009E32F3 /* ServiceArrayExtensions.swift in Sources */,
			);
			runOnlyForDeploymentPostprocessing = 0;
		};
/* End PBXSourcesBuildPhase section */

/* Begin PBXVariantGroup section */
		729BC43821A41239002E0C0D /* LaunchScreen.storyboard */ = {
			isa = PBXVariantGroup;
			children = (
				729BC43921A41239002E0C0D /* Base */,
			);
			name = LaunchScreen.storyboard;
			sourceTree = "<group>";
		};
/* End PBXVariantGroup section */

/* Begin XCBuildConfiguration section */
		729BC43C21A41239002E0C0D /* Debug */ = {
			isa = XCBuildConfiguration;
			buildSettings = {
				ALWAYS_SEARCH_USER_PATHS = NO;
				CLANG_ANALYZER_NONNULL = YES;
				CLANG_ANALYZER_NUMBER_OBJECT_CONVERSION = YES_AGGRESSIVE;
				CLANG_CXX_LANGUAGE_STANDARD = "gnu++14";
				CLANG_CXX_LIBRARY = "libc++";
				CLANG_ENABLE_MODULES = YES;
				CLANG_ENABLE_OBJC_ARC = YES;
				CLANG_ENABLE_OBJC_WEAK = YES;
				CLANG_WARN_BLOCK_CAPTURE_AUTORELEASING = YES;
				CLANG_WARN_BOOL_CONVERSION = YES;
				CLANG_WARN_COMMA = YES;
				CLANG_WARN_CONSTANT_CONVERSION = YES;
				CLANG_WARN_DEPRECATED_OBJC_IMPLEMENTATIONS = YES;
				CLANG_WARN_DIRECT_OBJC_ISA_USAGE = YES_ERROR;
				CLANG_WARN_DOCUMENTATION_COMMENTS = YES;
				CLANG_WARN_EMPTY_BODY = YES;
				CLANG_WARN_ENUM_CONVERSION = YES;
				CLANG_WARN_INFINITE_RECURSION = YES;
				CLANG_WARN_INT_CONVERSION = YES;
				CLANG_WARN_NON_LITERAL_NULL_CONVERSION = YES;
				CLANG_WARN_OBJC_IMPLICIT_RETAIN_SELF = YES;
				CLANG_WARN_OBJC_LITERAL_CONVERSION = YES;
				CLANG_WARN_OBJC_ROOT_CLASS = YES_ERROR;
				CLANG_WARN_RANGE_LOOP_ANALYSIS = YES;
				CLANG_WARN_STRICT_PROTOTYPES = YES;
				CLANG_WARN_SUSPICIOUS_MOVE = YES;
				CLANG_WARN_UNGUARDED_AVAILABILITY = YES_AGGRESSIVE;
				CLANG_WARN_UNREACHABLE_CODE = YES;
				CLANG_WARN__DUPLICATE_METHOD_MATCH = YES;
				CODE_SIGN_IDENTITY = "iPhone Developer";
				COPY_PHASE_STRIP = NO;
				DEBUG_INFORMATION_FORMAT = dwarf;
				ENABLE_STRICT_OBJC_MSGSEND = YES;
				ENABLE_TESTABILITY = YES;
				GCC_C_LANGUAGE_STANDARD = gnu11;
				GCC_DYNAMIC_NO_PIC = NO;
				GCC_NO_COMMON_BLOCKS = YES;
				GCC_OPTIMIZATION_LEVEL = 0;
				GCC_PREPROCESSOR_DEFINITIONS = (
					"DEBUG=1",
					"$(inherited)",
				);
				GCC_WARN_64_TO_32_BIT_CONVERSION = YES;
				GCC_WARN_ABOUT_RETURN_TYPE = YES_ERROR;
				GCC_WARN_UNDECLARED_SELECTOR = YES;
				GCC_WARN_UNINITIALIZED_AUTOS = YES_AGGRESSIVE;
				GCC_WARN_UNUSED_FUNCTION = YES;
				GCC_WARN_UNUSED_VARIABLE = YES;
				IPHONEOS_DEPLOYMENT_TARGET = 12.0;
				MTL_ENABLE_DEBUG_INFO = INCLUDE_SOURCE;
				MTL_FAST_MATH = YES;
				ONLY_ACTIVE_ARCH = YES;
				SDKROOT = iphoneos;
				SWIFT_ACTIVE_COMPILATION_CONDITIONS = DEBUG;
				SWIFT_OPTIMIZATION_LEVEL = "-Onone";
			};
			name = Debug;
		};
		729BC43D21A41239002E0C0D /* Release */ = {
			isa = XCBuildConfiguration;
			buildSettings = {
				ALWAYS_SEARCH_USER_PATHS = NO;
				CLANG_ANALYZER_NONNULL = YES;
				CLANG_ANALYZER_NUMBER_OBJECT_CONVERSION = YES_AGGRESSIVE;
				CLANG_CXX_LANGUAGE_STANDARD = "gnu++14";
				CLANG_CXX_LIBRARY = "libc++";
				CLANG_ENABLE_MODULES = YES;
				CLANG_ENABLE_OBJC_ARC = YES;
				CLANG_ENABLE_OBJC_WEAK = YES;
				CLANG_WARN_BLOCK_CAPTURE_AUTORELEASING = YES;
				CLANG_WARN_BOOL_CONVERSION = YES;
				CLANG_WARN_COMMA = YES;
				CLANG_WARN_CONSTANT_CONVERSION = YES;
				CLANG_WARN_DEPRECATED_OBJC_IMPLEMENTATIONS = YES;
				CLANG_WARN_DIRECT_OBJC_ISA_USAGE = YES_ERROR;
				CLANG_WARN_DOCUMENTATION_COMMENTS = YES;
				CLANG_WARN_EMPTY_BODY = YES;
				CLANG_WARN_ENUM_CONVERSION = YES;
				CLANG_WARN_INFINITE_RECURSION = YES;
				CLANG_WARN_INT_CONVERSION = YES;
				CLANG_WARN_NON_LITERAL_NULL_CONVERSION = YES;
				CLANG_WARN_OBJC_IMPLICIT_RETAIN_SELF = YES;
				CLANG_WARN_OBJC_LITERAL_CONVERSION = YES;
				CLANG_WARN_OBJC_ROOT_CLASS = YES_ERROR;
				CLANG_WARN_RANGE_LOOP_ANALYSIS = YES;
				CLANG_WARN_STRICT_PROTOTYPES = YES;
				CLANG_WARN_SUSPICIOUS_MOVE = YES;
				CLANG_WARN_UNGUARDED_AVAILABILITY = YES_AGGRESSIVE;
				CLANG_WARN_UNREACHABLE_CODE = YES;
				CLANG_WARN__DUPLICATE_METHOD_MATCH = YES;
				CODE_SIGN_IDENTITY = "iPhone Developer";
				COPY_PHASE_STRIP = NO;
				DEBUG_INFORMATION_FORMAT = "dwarf-with-dsym";
				ENABLE_NS_ASSERTIONS = NO;
				ENABLE_STRICT_OBJC_MSGSEND = YES;
				GCC_C_LANGUAGE_STANDARD = gnu11;
				GCC_NO_COMMON_BLOCKS = YES;
				GCC_WARN_64_TO_32_BIT_CONVERSION = YES;
				GCC_WARN_ABOUT_RETURN_TYPE = YES_ERROR;
				GCC_WARN_UNDECLARED_SELECTOR = YES;
				GCC_WARN_UNINITIALIZED_AUTOS = YES_AGGRESSIVE;
				GCC_WARN_UNUSED_FUNCTION = YES;
				GCC_WARN_UNUSED_VARIABLE = YES;
				IPHONEOS_DEPLOYMENT_TARGET = 12.0;
				MTL_ENABLE_DEBUG_INFO = NO;
				MTL_FAST_MATH = YES;
				SDKROOT = iphoneos;
				SWIFT_COMPILATION_MODE = wholemodule;
				SWIFT_OPTIMIZATION_LEVEL = "-O";
				VALIDATE_PRODUCT = YES;
			};
			name = Release;
		};
		729BC43F21A41239002E0C0D /* Debug */ = {
			isa = XCBuildConfiguration;
			buildSettings = {
				ASSETCATALOG_COMPILER_APPICON_NAME = AppIcon;
				CODE_SIGN_ENTITLEMENTS = "LightingKit Example/Support Files/LightingKit Example.entitlements";
				CODE_SIGN_STYLE = Automatic;
				DEVELOPMENT_TEAM = A7682PK9SF;
				INFOPLIST_FILE = "LightingKit Example/Support Files/Info.plist";
				LD_RUNPATH_SEARCH_PATHS = (
					"$(inherited)",
					"@executable_path/Frameworks",
				);
				PRODUCT_BUNDLE_IDENTIFIER = "com.petemorris.LightingKit-Example";
				PRODUCT_NAME = "$(TARGET_NAME)";
				SWIFT_VERSION = 4.2;
				TARGETED_DEVICE_FAMILY = "1,2";
			};
			name = Debug;
		};
		729BC44021A41239002E0C0D /* Release */ = {
			isa = XCBuildConfiguration;
			buildSettings = {
				ASSETCATALOG_COMPILER_APPICON_NAME = AppIcon;
				CODE_SIGN_ENTITLEMENTS = "LightingKit Example/Support Files/LightingKit Example.entitlements";
				CODE_SIGN_STYLE = Automatic;
				DEVELOPMENT_TEAM = A7682PK9SF;
				INFOPLIST_FILE = "LightingKit Example/Support Files/Info.plist";
				LD_RUNPATH_SEARCH_PATHS = (
					"$(inherited)",
					"@executable_path/Frameworks",
				);
				PRODUCT_BUNDLE_IDENTIFIER = "com.petemorris.LightingKit-Example";
				PRODUCT_NAME = "$(TARGET_NAME)";
				SWIFT_VERSION = 4.2;
				TARGETED_DEVICE_FAMILY = "1,2";
			};
			name = Release;
		};
/* End XCBuildConfiguration section */

/* Begin XCConfigurationList section */
		729BC42721A41233002E0C0D /* Build configuration list for PBXProject "LightingKit Example" */ = {
			isa = XCConfigurationList;
			buildConfigurations = (
				729BC43C21A41239002E0C0D /* Debug */,
				729BC43D21A41239002E0C0D /* Release */,
			);
			defaultConfigurationIsVisible = 0;
			defaultConfigurationName = Release;
		};
		729BC43E21A41239002E0C0D /* Build configuration list for PBXNativeTarget "LightingKit Example" */ = {
			isa = XCConfigurationList;
			buildConfigurations = (
				729BC43F21A41239002E0C0D /* Debug */,
				729BC44021A41239002E0C0D /* Release */,
			);
			defaultConfigurationIsVisible = 0;
			defaultConfigurationName = Release;
		};
/* End XCConfigurationList section */
	};
	rootObject = 729BC42421A41233002E0C0D /* Project object */;
}
