// !$*UTF8*$!
{
	archiveVersion = 1;
	classes = {
	};
	objectVersion = 50;
	objects = {

/* Begin PBXBuildFile section */
		729BC43021A41233002E0C0D /* AppDelegate.swift in Sources */ = {isa = PBXBuildFile; fileRef = 729BC42F21A41233002E0C0D /* AppDelegate.swift */; };
		729BC43721A41239002E0C0D /* Assets.xcassets in Resources */ = {isa = PBXBuildFile; fileRef = 729BC43621A41239002E0C0D /* Assets.xcassets */; };
		729BC43A21A41239002E0C0D /* LaunchScreen.storyboard in Resources */ = {isa = PBXBuildFile; fileRef = 729BC43821A41239002E0C0D /* LaunchScreen.storyboard */; };
		72AAA37821AD29D6001FA94B /* AppFacade.swift in Sources */ = {isa = PBXBuildFile; fileRef = 72AAA37721AD29D6001FA94B /* AppFacade.swift */; };
		72AAA38821AD5217001FA94B /* UITableView+StandardCell.swift in Sources */ = {isa = PBXBuildFile; fileRef = 72AAA38721AD5217001FA94B /* UITableView+StandardCell.swift */; };
		72AAA38F21AD5A42001FA94B /* DataSource.swift in Sources */ = {isa = PBXBuildFile; fileRef = 72AAA38E21AD5A42001FA94B /* DataSource.swift */; };
		72AAA39521AD5E82001FA94B /* UIAlertController+AddObject.swift in Sources */ = {isa = PBXBuildFile; fileRef = 72AAA39421AD5E82001FA94B /* UIAlertController+AddObject.swift */; };
		72AAA39921AD8882001FA94B /* HomesViewController.swift in Sources */ = {isa = PBXBuildFile; fileRef = 72AAA39821AD8882001FA94B /* HomesViewController.swift */; };
		72AAA39B21AD8C32001FA94B /* RoomsViewController.swift in Sources */ = {isa = PBXBuildFile; fileRef = 72AAA39A21AD8C32001FA94B /* RoomsViewController.swift */; };
		72AAA39D21AD8DA0001FA94B /* LightsVIewController.swift in Sources */ = {isa = PBXBuildFile; fileRef = 72AAA39C21AD8DA0001FA94B /* LightsVIewController.swift */; };
		72AAA39F21AD8E6F001FA94B /* LightControlsViewController.swift in Sources */ = {isa = PBXBuildFile; fileRef = 72AAA39E21AD8E6F001FA94B /* LightControlsViewController.swift */; };
		72AAA3A121AD9240001FA94B /* AddNewLightController.swift in Sources */ = {isa = PBXBuildFile; fileRef = 72AAA3A021AD9240001FA94B /* AddNewLightController.swift */; };
		72AAA3A221ADA177001FA94B /* HomeKit.framework in Frameworks */ = {isa = PBXBuildFile; fileRef = 72B7B38121A69D5C004336C1 /* HomeKit.framework */; };
		72C7E5E921AE7BA900B04A23 /* LightControlsViewController.xib in Resources */ = {isa = PBXBuildFile; fileRef = 72C7E5E821AE7BA900B04A23 /* LightControlsViewController.xib */; };
		72C7E5EB21AE7CD800B04A23 /* lightbulb.png in Resources */ = {isa = PBXBuildFile; fileRef = 72C7E5EA21AE7CD800B04A23 /* lightbulb.png */; };
		8DAE61FDA30D48865AF6681D /* Pods_LightingKit_Example.framework in Frameworks */ = {isa = PBXBuildFile; fileRef = B6EF92D5D55C778E729AE1F5 /* Pods_LightingKit_Example.framework */; };
/* End PBXBuildFile section */

/* Begin PBXFileReference section */
		074E6EA29F926B7D2D718F02 /* Pods-LightingKit Example.release.xcconfig */ = {isa = PBXFileReference; includeInIndex = 1; lastKnownFileType = text.xcconfig; name = "Pods-LightingKit Example.release.xcconfig"; path = "Pods/Target Support Files/Pods-LightingKit Example/Pods-LightingKit Example.release.xcconfig"; sourceTree = "<group>"; };
		729BC42C21A41233002E0C0D /* LightingKit Example.app */ = {isa = PBXFileReference; explicitFileType = wrapper.application; includeInIndex = 0; path = "LightingKit Example.app"; sourceTree = BUILT_PRODUCTS_DIR; };
		729BC42F21A41233002E0C0D /* AppDelegate.swift */ = {isa = PBXFileReference; lastKnownFileType = sourcecode.swift; path = AppDelegate.swift; sourceTree = "<group>"; };
		729BC43621A41239002E0C0D /* Assets.xcassets */ = {isa = PBXFileReference; lastKnownFileType = folder.assetcatalog; path = Assets.xcassets; sourceTree = "<group>"; };
		729BC43921A41239002E0C0D /* Base */ = {isa = PBXFileReference; lastKnownFileType = file.storyboard; name = Base; path = Base.lproj/LaunchScreen.storyboard; sourceTree = "<group>"; };
		729BC43B21A41239002E0C0D /* Info.plist */ = {isa = PBXFileReference; lastKnownFileType = text.plist.xml; path = Info.plist; sourceTree = "<group>"; };
		72AAA37721AD29D6001FA94B /* AppFacade.swift */ = {isa = PBXFileReference; lastKnownFileType = sourcecode.swift; path = AppFacade.swift; sourceTree = "<group>"; };
		72AAA38721AD5217001FA94B /* UITableView+StandardCell.swift */ = {isa = PBXFileReference; lastKnownFileType = sourcecode.swift; path = "UITableView+StandardCell.swift"; sourceTree = "<group>"; };
		72AAA38E21AD5A42001FA94B /* DataSource.swift */ = {isa = PBXFileReference; lastKnownFileType = sourcecode.swift; path = DataSource.swift; sourceTree = "<group>"; };
		72AAA39421AD5E82001FA94B /* UIAlertController+AddObject.swift */ = {isa = PBXFileReference; lastKnownFileType = sourcecode.swift; path = "UIAlertController+AddObject.swift"; sourceTree = "<group>"; };
		72AAA39821AD8882001FA94B /* HomesViewController.swift */ = {isa = PBXFileReference; lastKnownFileType = sourcecode.swift; path = HomesViewController.swift; sourceTree = "<group>"; };
		72AAA39A21AD8C32001FA94B /* RoomsViewController.swift */ = {isa = PBXFileReference; lastKnownFileType = sourcecode.swift; path = RoomsViewController.swift; sourceTree = "<group>"; };
		72AAA39C21AD8DA0001FA94B /* LightsVIewController.swift */ = {isa = PBXFileReference; lastKnownFileType = sourcecode.swift; path = LightsVIewController.swift; sourceTree = "<group>"; };
		72AAA39E21AD8E6F001FA94B /* LightControlsViewController.swift */ = {isa = PBXFileReference; lastKnownFileType = sourcecode.swift; path = LightControlsViewController.swift; sourceTree = "<group>"; };
		72AAA3A021AD9240001FA94B /* AddNewLightController.swift */ = {isa = PBXFileReference; lastKnownFileType = sourcecode.swift; path = AddNewLightController.swift; sourceTree = "<group>"; };
		72B7B38121A69D5C004336C1 /* HomeKit.framework */ = {isa = PBXFileReference; lastKnownFileType = wrapper.framework; name = HomeKit.framework; path = System/Library/Frameworks/HomeKit.framework; sourceTree = SDKROOT; };
		72B7B38321A69D5C004336C1 /* LightingKit Example.entitlements */ = {isa = PBXFileReference; lastKnownFileType = text.plist.entitlements; path = "LightingKit Example.entitlements"; sourceTree = "<group>"; };
		72C7E5E821AE7BA900B04A23 /* LightControlsViewController.xib */ = {isa = PBXFileReference; lastKnownFileType = file.xib; path = LightControlsViewController.xib; sourceTree = "<group>"; };
		72C7E5EA21AE7CD800B04A23 /* lightbulb.png */ = {isa = PBXFileReference; lastKnownFileType = image.png; path = lightbulb.png; sourceTree = "<group>"; };
		8F2E722DB06174FDAD8695BD /* Pods-LightingKit Example.debug.xcconfig */ = {isa = PBXFileReference; includeInIndex = 1; lastKnownFileType = text.xcconfig; name = "Pods-LightingKit Example.debug.xcconfig"; path = "Pods/Target Support Files/Pods-LightingKit Example/Pods-LightingKit Example.debug.xcconfig"; sourceTree = "<group>"; };
		B6EF92D5D55C778E729AE1F5 /* Pods_LightingKit_Example.framework */ = {isa = PBXFileReference; explicitFileType = wrapper.framework; includeInIndex = 0; path = Pods_LightingKit_Example.framework; sourceTree = BUILT_PRODUCTS_DIR; };
/* End PBXFileReference section */

/* Begin PBXFrameworksBuildPhase section */
		729BC42921A41233002E0C0D /* Frameworks */ = {
			isa = PBXFrameworksBuildPhase;
			buildActionMask = 2147483647;
			files = (
				72AAA3A221ADA177001FA94B /* HomeKit.framework in Frameworks */,
				8DAE61FDA30D48865AF6681D /* Pods_LightingKit_Example.framework in Frameworks */,
			);
			runOnlyForDeploymentPostprocessing = 0;
		};
/* End PBXFrameworksBuildPhase section */

/* Begin PBXGroup section */
		38710891E2E071833AE8F21A /* Frameworks */ = {
			isa = PBXGroup;
			children = (
				72B7B38121A69D5C004336C1 /* HomeKit.framework */,
				B6EF92D5D55C778E729AE1F5 /* Pods_LightingKit_Example.framework */,
			);
			name = Frameworks;
			sourceTree = "<group>";
		};
		53C1A0377577FA58D92118FB /* Pods */ = {
			isa = PBXGroup;
			children = (
				8F2E722DB06174FDAD8695BD /* Pods-LightingKit Example.debug.xcconfig */,
				074E6EA29F926B7D2D718F02 /* Pods-LightingKit Example.release.xcconfig */,
			);
			name = Pods;
			sourceTree = "<group>";
		};
		729BC42321A41233002E0C0D = {
			isa = PBXGroup;
			children = (
				729BC42E21A41233002E0C0D /* LightingKit Example */,
				729BC42D21A41233002E0C0D /* Products */,
				53C1A0377577FA58D92118FB /* Pods */,
				38710891E2E071833AE8F21A /* Frameworks */,
			);
			sourceTree = "<group>";
		};
		729BC42D21A41233002E0C0D /* Products */ = {
			isa = PBXGroup;
			children = (
				729BC42C21A41233002E0C0D /* LightingKit Example.app */,
			);
			name = Products;
			sourceTree = "<group>";
		};
		729BC42E21A41233002E0C0D /* LightingKit Example */ = {
			isa = PBXGroup;
			children = (
				72B7B38321A69D5C004336C1 /* LightingKit Example.entitlements */,
				729BC42F21A41233002E0C0D /* AppDelegate.swift */,
				72AAA37721AD29D6001FA94B /* AppFacade.swift */,
				72AAA38721AD5217001FA94B /* UITableView+StandardCell.swift */,
				72AAA39421AD5E82001FA94B /* UIAlertController+AddObject.swift */,
				72AAA38E21AD5A42001FA94B /* DataSource.swift */,
				72AAA39821AD8882001FA94B /* HomesViewController.swift */,
				72AAA39A21AD8C32001FA94B /* RoomsViewController.swift */,
				72AAA39C21AD8DA0001FA94B /* LightsVIewController.swift */,
				72AAA3A021AD9240001FA94B /* AddNewLightController.swift */,
				72AAA39E21AD8E6F001FA94B /* LightControlsViewController.swift */,
				72C7E5E821AE7BA900B04A23 /* LightControlsViewController.xib */,
				72C7E5EA21AE7CD800B04A23 /* lightbulb.png */,
				729BC43621A41239002E0C0D /* Assets.xcassets */,
				729BC43821A41239002E0C0D /* LaunchScreen.storyboard */,
				729BC43B21A41239002E0C0D /* Info.plist */,
			);
			path = "LightingKit Example";
			sourceTree = "<group>";
		};
/* End PBXGroup section */

/* Begin PBXNativeTarget section */
		729BC42B21A41233002E0C0D /* LightingKit Example */ = {
			isa = PBXNativeTarget;
			buildConfigurationList = 729BC43E21A41239002E0C0D /* Build configuration list for PBXNativeTarget "LightingKit Example" */;
			buildPhases = (
				C54823981D2BDF001F680384 /* [CP] Check Pods Manifest.lock */,
				729BC42821A41233002E0C0D /* Sources */,
				729BC42921A41233002E0C0D /* Frameworks */,
				729BC42A21A41233002E0C0D /* Resources */,
				1235476D402AC9D57EED1D46 /* [CP] Embed Pods Frameworks */,
			);
			buildRules = (
			);
			dependencies = (
			);
			name = "LightingKit Example";
			productName = "LightingKit Example";
			productReference = 729BC42C21A41233002E0C0D /* LightingKit Example.app */;
			productType = "com.apple.product-type.application";
		};
/* End PBXNativeTarget section */

/* Begin PBXProject section */
		729BC42421A41233002E0C0D /* Project object */ = {
			isa = PBXProject;
			attributes = {
				LastSwiftUpdateCheck = 1000;
				LastUpgradeCheck = 1000;
				ORGANIZATIONNAME = "Pete Morris";
				TargetAttributes = {
					729BC42B21A41233002E0C0D = {
						CreatedOnToolsVersion = 10.0;
						SystemCapabilities = {
							com.apple.HomeKit = {
								enabled = 1;
							};
						};
					};
				};
			};
			buildConfigurationList = 729BC42721A41233002E0C0D /* Build configuration list for PBXProject "LightingKit Example" */;
			compatibilityVersion = "Xcode 9.3";
			developmentRegion = en;
			hasScannedForEncodings = 0;
			knownRegions = (
				en,
				Base,
			);
			mainGroup = 729BC42321A41233002E0C0D;
			productRefGroup = 729BC42D21A41233002E0C0D /* Products */;
			projectDirPath = "";
			projectRoot = "";
			targets = (
				729BC42B21A41233002E0C0D /* LightingKit Example */,
			);
		};
/* End PBXProject section */

/* Begin PBXResourcesBuildPhase section */
		729BC42A21A41233002E0C0D /* Resources */ = {
			isa = PBXResourcesBuildPhase;
			buildActionMask = 2147483647;
			files = (
				72C7E5E921AE7BA900B04A23 /* LightControlsViewController.xib in Resources */,
				72C7E5EB21AE7CD800B04A23 /* lightbulb.png in Resources */,
				729BC43A21A41239002E0C0D /* LaunchScreen.storyboard in Resources */,
				729BC43721A41239002E0C0D /* Assets.xcassets in Resources */,
			);
			runOnlyForDeploymentPostprocessing = 0;
		};
/* End PBXResourcesBuildPhase section */

/* Begin PBXShellScriptBuildPhase section */
		1235476D402AC9D57EED1D46 /* [CP] Embed Pods Frameworks */ = {
			isa = PBXShellScriptBuildPhase;
			buildActionMask = 2147483647;
			files = (
			);
			inputFileListPaths = (
			);
			inputPaths = (
				"${SRCROOT}/Pods/Target Support Files/Pods-LightingKit Example/Pods-LightingKit Example-frameworks.sh",
				"${BUILT_PRODUCTS_DIR}/LightingKit/LightingKit.framework",
			);
			name = "[CP] Embed Pods Frameworks";
			outputFileListPaths = (
			);
			outputPaths = (
				"${TARGET_BUILD_DIR}/${FRAMEWORKS_FOLDER_PATH}/LightingKit.framework",
			);
			runOnlyForDeploymentPostprocessing = 0;
			shellPath = /bin/sh;
			shellScript = "\"${SRCROOT}/Pods/Target Support Files/Pods-LightingKit Example/Pods-LightingKit Example-frameworks.sh\"\n";
			showEnvVarsInLog = 0;
		};
		C54823981D2BDF001F680384 /* [CP] Check Pods Manifest.lock */ = {
			isa = PBXShellScriptBuildPhase;
			buildActionMask = 2147483647;
			files = (
			);
			inputFileListPaths = (
			);
			inputPaths = (
				"${PODS_PODFILE_DIR_PATH}/Podfile.lock",
				"${PODS_ROOT}/Manifest.lock",
			);
			name = "[CP] Check Pods Manifest.lock";
			outputFileListPaths = (
			);
			outputPaths = (
				"$(DERIVED_FILE_DIR)/Pods-LightingKit Example-checkManifestLockResult.txt",
			);
			runOnlyForDeploymentPostprocessing = 0;
			shellPath = /bin/sh;
			shellScript = "diff \"${PODS_PODFILE_DIR_PATH}/Podfile.lock\" \"${PODS_ROOT}/Manifest.lock\" > /dev/null\nif [ $? != 0 ] ; then\n    # print error to STDERR\n    echo \"error: The sandbox is not in sync with the Podfile.lock. Run 'pod install' or update your CocoaPods installation.\" >&2\n    exit 1\nfi\n# This output is used by Xcode 'outputs' to avoid re-running this script phase.\necho \"SUCCESS\" > \"${SCRIPT_OUTPUT_FILE_0}\"\n";
			showEnvVarsInLog = 0;
		};
/* End PBXShellScriptBuildPhase section */

/* Begin PBXSourcesBuildPhase section */
		729BC42821A41233002E0C0D /* Sources */ = {
			isa = PBXSourcesBuildPhase;
			buildActionMask = 2147483647;
			files = (
				72AAA38F21AD5A42001FA94B /* DataSource.swift in Sources */,
				729BC43021A41233002E0C0D /* AppDelegate.swift in Sources */,
				72AAA39521AD5E82001FA94B /* UIAlertController+AddObject.swift in Sources */,
				72AAA38821AD5217001FA94B /* UITableView+StandardCell.swift in Sources */,
				72AAA3A121AD9240001FA94B /* AddNewLightController.swift in Sources */,
				72AAA39B21AD8C32001FA94B /* RoomsViewController.swift in Sources */,
				72AAA39921AD8882001FA94B /* HomesViewController.swift in Sources */,
				72AAA39F21AD8E6F001FA94B /* LightControlsViewController.swift in Sources */,
				72AAA37821AD29D6001FA94B /* AppFacade.swift in Sources */,
				72AAA39D21AD8DA0001FA94B /* LightsVIewController.swift in Sources */,
			);
			runOnlyForDeploymentPostprocessing = 0;
		};
/* End PBXSourcesBuildPhase section */

/* Begin PBXVariantGroup section */
		729BC43821A41239002E0C0D /* LaunchScreen.storyboard */ = {
			isa = PBXVariantGroup;
			children = (
				729BC43921A41239002E0C0D /* Base */,
			);
			name = LaunchScreen.storyboard;
			sourceTree = "<group>";
		};
/* End PBXVariantGroup section */

/* Begin XCBuildConfiguration section */
		729BC43C21A41239002E0C0D /* Debug */ = {
			isa = XCBuildConfiguration;
			buildSettings = {
				ALWAYS_SEARCH_USER_PATHS = NO;
				CLANG_ANALYZER_NONNULL = YES;
				CLANG_ANALYZER_NUMBER_OBJECT_CONVERSION = YES_AGGRESSIVE;
				CLANG_CXX_LANGUAGE_STANDARD = "gnu++14";
				CLANG_CXX_LIBRARY = "libc++";
				CLANG_ENABLE_MODULES = YES;
				CLANG_ENABLE_OBJC_ARC = YES;
				CLANG_ENABLE_OBJC_WEAK = YES;
				CLANG_WARN_BLOCK_CAPTURE_AUTORELEASING = YES;
				CLANG_WARN_BOOL_CONVERSION = YES;
				CLANG_WARN_COMMA = YES;
				CLANG_WARN_CONSTANT_CONVERSION = YES;
				CLANG_WARN_DEPRECATED_OBJC_IMPLEMENTATIONS = YES;
				CLANG_WARN_DIRECT_OBJC_ISA_USAGE = YES_ERROR;
				CLANG_WARN_DOCUMENTATION_COMMENTS = YES;
				CLANG_WARN_EMPTY_BODY = YES;
				CLANG_WARN_ENUM_CONVERSION = YES;
				CLANG_WARN_INFINITE_RECURSION = YES;
				CLANG_WARN_INT_CONVERSION = YES;
				CLANG_WARN_NON_LITERAL_NULL_CONVERSION = YES;
				CLANG_WARN_OBJC_IMPLICIT_RETAIN_SELF = YES;
				CLANG_WARN_OBJC_LITERAL_CONVERSION = YES;
				CLANG_WARN_OBJC_ROOT_CLASS = YES_ERROR;
				CLANG_WARN_RANGE_LOOP_ANALYSIS = YES;
				CLANG_WARN_STRICT_PROTOTYPES = YES;
				CLANG_WARN_SUSPICIOUS_MOVE = YES;
				CLANG_WARN_UNGUARDED_AVAILABILITY = YES_AGGRESSIVE;
				CLANG_WARN_UNREACHABLE_CODE = YES;
				CLANG_WARN__DUPLICATE_METHOD_MATCH = YES;
				CODE_SIGN_IDENTITY = "iPhone Developer";
				COPY_PHASE_STRIP = NO;
				DEBUG_INFORMATION_FORMAT = dwarf;
				ENABLE_STRICT_OBJC_MSGSEND = YES;
				ENABLE_TESTABILITY = YES;
				GCC_C_LANGUAGE_STANDARD = gnu11;
				GCC_DYNAMIC_NO_PIC = NO;
				GCC_NO_COMMON_BLOCKS = YES;
				GCC_OPTIMIZATION_LEVEL = 0;
				GCC_PREPROCESSOR_DEFINITIONS = (
					"DEBUG=1",
					"$(inherited)",
				);
				GCC_WARN_64_TO_32_BIT_CONVERSION = YES;
				GCC_WARN_ABOUT_RETURN_TYPE = YES_ERROR;
				GCC_WARN_UNDECLARED_SELECTOR = YES;
				GCC_WARN_UNINITIALIZED_AUTOS = YES_AGGRESSIVE;
				GCC_WARN_UNUSED_FUNCTION = YES;
				GCC_WARN_UNUSED_VARIABLE = YES;
				IPHONEOS_DEPLOYMENT_TARGET = 12.0;
				MTL_ENABLE_DEBUG_INFO = INCLUDE_SOURCE;
				MTL_FAST_MATH = YES;
				ONLY_ACTIVE_ARCH = YES;
				SDKROOT = iphoneos;
				SWIFT_ACTIVE_COMPILATION_CONDITIONS = DEBUG;
				SWIFT_OPTIMIZATION_LEVEL = "-Onone";
			};
			name = Debug;
		};
		729BC43D21A41239002E0C0D /* Release */ = {
			isa = XCBuildConfiguration;
			buildSettings = {
				ALWAYS_SEARCH_USER_PATHS = NO;
				CLANG_ANALYZER_NONNULL = YES;
				CLANG_ANALYZER_NUMBER_OBJECT_CONVERSION = YES_AGGRESSIVE;
				CLANG_CXX_LANGUAGE_STANDARD = "gnu++14";
				CLANG_CXX_LIBRARY = "libc++";
				CLANG_ENABLE_MODULES = YES;
				CLANG_ENABLE_OBJC_ARC = YES;
				CLANG_ENABLE_OBJC_WEAK = YES;
				CLANG_WARN_BLOCK_CAPTURE_AUTORELEASING = YES;
				CLANG_WARN_BOOL_CONVERSION = YES;
				CLANG_WARN_COMMA = YES;
				CLANG_WARN_CONSTANT_CONVERSION = YES;
				CLANG_WARN_DEPRECATED_OBJC_IMPLEMENTATIONS = YES;
				CLANG_WARN_DIRECT_OBJC_ISA_USAGE = YES_ERROR;
				CLANG_WARN_DOCUMENTATION_COMMENTS = YES;
				CLANG_WARN_EMPTY_BODY = YES;
				CLANG_WARN_ENUM_CONVERSION = YES;
				CLANG_WARN_INFINITE_RECURSION = YES;
				CLANG_WARN_INT_CONVERSION = YES;
				CLANG_WARN_NON_LITERAL_NULL_CONVERSION = YES;
				CLANG_WARN_OBJC_IMPLICIT_RETAIN_SELF = YES;
				CLANG_WARN_OBJC_LITERAL_CONVERSION = YES;
				CLANG_WARN_OBJC_ROOT_CLASS = YES_ERROR;
				CLANG_WARN_RANGE_LOOP_ANALYSIS = YES;
				CLANG_WARN_STRICT_PROTOTYPES = YES;
				CLANG_WARN_SUSPICIOUS_MOVE = YES;
				CLANG_WARN_UNGUARDED_AVAILABILITY = YES_AGGRESSIVE;
				CLANG_WARN_UNREACHABLE_CODE = YES;
				CLANG_WARN__DUPLICATE_METHOD_MATCH = YES;
				CODE_SIGN_IDENTITY = "iPhone Developer";
				COPY_PHASE_STRIP = NO;
				DEBUG_INFORMATION_FORMAT = "dwarf-with-dsym";
				ENABLE_NS_ASSERTIONS = NO;
				ENABLE_STRICT_OBJC_MSGSEND = YES;
				GCC_C_LANGUAGE_STANDARD = gnu11;
				GCC_NO_COMMON_BLOCKS = YES;
				GCC_WARN_64_TO_32_BIT_CONVERSION = YES;
				GCC_WARN_ABOUT_RETURN_TYPE = YES_ERROR;
				GCC_WARN_UNDECLARED_SELECTOR = YES;
				GCC_WARN_UNINITIALIZED_AUTOS = YES_AGGRESSIVE;
				GCC_WARN_UNUSED_FUNCTION = YES;
				GCC_WARN_UNUSED_VARIABLE = YES;
				IPHONEOS_DEPLOYMENT_TARGET = 12.0;
				MTL_ENABLE_DEBUG_INFO = NO;
				MTL_FAST_MATH = YES;
				SDKROOT = iphoneos;
				SWIFT_COMPILATION_MODE = wholemodule;
				SWIFT_OPTIMIZATION_LEVEL = "-O";
				VALIDATE_PRODUCT = YES;
			};
			name = Release;
		};
		729BC43F21A41239002E0C0D /* Debug */ = {
			isa = XCBuildConfiguration;
			baseConfigurationReference = 8F2E722DB06174FDAD8695BD /* Pods-LightingKit Example.debug.xcconfig */;
			buildSettings = {
				ASSETCATALOG_COMPILER_APPICON_NAME = AppIcon;
				CODE_SIGN_ENTITLEMENTS = "LightingKit Example/LightingKit Example.entitlements";
				CODE_SIGN_STYLE = Automatic;
				DEVELOPMENT_TEAM = A7682PK9SF;
				INFOPLIST_FILE = "LightingKit Example/Info.plist";
				LD_RUNPATH_SEARCH_PATHS = (
					"$(inherited)",
					"@executable_path/Frameworks",
				);
				PRODUCT_BUNDLE_IDENTIFIER = "com.petemorris.LightingKit-Example";
				PRODUCT_NAME = "$(TARGET_NAME)";
				SWIFT_VERSION = 4.2;
				TARGETED_DEVICE_FAMILY = "1,2";
			};
			name = Debug;
		};
		729BC44021A41239002E0C0D /* Release */ = {
			isa = XCBuildConfiguration;
			baseConfigurationReference = 074E6EA29F926B7D2D718F02 /* Pods-LightingKit Example.release.xcconfig */;
			buildSettings = {
				ASSETCATALOG_COMPILER_APPICON_NAME = AppIcon;
				CODE_SIGN_ENTITLEMENTS = "LightingKit Example/LightingKit Example.entitlements";
				CODE_SIGN_STYLE = Automatic;
				DEVELOPMENT_TEAM = A7682PK9SF;
				INFOPLIST_FILE = "LightingKit Example/Info.plist";
				LD_RUNPATH_SEARCH_PATHS = (
					"$(inherited)",
					"@executable_path/Frameworks",
				);
				PRODUCT_BUNDLE_IDENTIFIER = "com.petemorris.LightingKit-Example";
				PRODUCT_NAME = "$(TARGET_NAME)";
				SWIFT_VERSION = 4.2;
				TARGETED_DEVICE_FAMILY = "1,2";
			};
			name = Release;
		};
/* End XCBuildConfiguration section */

/* Begin XCConfigurationList section */
		729BC42721A41233002E0C0D /* Build configuration list for PBXProject "LightingKit Example" */ = {
			isa = XCConfigurationList;
			buildConfigurations = (
				729BC43C21A41239002E0C0D /* Debug */,
				729BC43D21A41239002E0C0D /* Release */,
			);
			defaultConfigurationIsVisible = 0;
			defaultConfigurationName = Release;
		};
		729BC43E21A41239002E0C0D /* Build configuration list for PBXNativeTarget "LightingKit Example" */ = {
			isa = XCConfigurationList;
			buildConfigurations = (
				729BC43F21A41239002E0C0D /* Debug */,
				729BC44021A41239002E0C0D /* Release */,
			);
			defaultConfigurationIsVisible = 0;
			defaultConfigurationName = Release;
		};
/* End XCConfigurationList section */
	};
	rootObject = 729BC42421A41233002E0C0D /* Project object */;
}
